{
  "name": "des-kickgoal",
  "version": "0.0.1",
  "lockfileVersion": 1,
  "dependencies": {
    "zeppelin-solidity": {
      "version": "1.3.0",
      "resolved": "http://registry.npm.taobao.org/zeppelin-solidity/download/zeppelin-solidity-1.3.0.tgz",
      "integrity": "sha1-BmqzXX4HUQ2jkdHbqvMZ4NBvz8Y="
    }
  }
}
